
Microsoft Visual Studio Solution File, Format Version 12.00
# Visual Studio Version 16
VisualStudioVersion = 16.0.31515.178
MinimumVisualStudioVersion = 10.0.40219.1
Project("{9A19103F-16F7-4668-BE54-9A1E7A4F7556}") = "SPOVersusCosmos", "SPOVersusCosmos\SPOVersusCosmos.csproj", "{5A12B7C9-B7DA-4A96-A8D5-44C8F0AC8060}"
EndProject
Project("{151D2E53-A2C4-4D7D-83FE-D05416EBD58E}") = "SPOProjectListSync", "SPOProjectListSync\SPOProjectListSync.deployproj", "{0EA6F8DC-6B91-4B52-B83C-19C2842DC7E1}"
EndProject
Global
	GlobalSection(SolutionConfigurationPlatforms) = preSolution
		Debug|Any CPU = Debug|Any CPU
		Release|Any CPU = Release|Any CPU
	EndGlobalSection
	GlobalSection(ProjectConfigurationPlatforms) = postSolution
		{5A12B7C9-B7DA-4A96-A8D5-44C8F0AC8060}.Debug|Any CPU.ActiveCfg = Debug|Any CPU
		{5A12B7C9-B7DA-4A96-A8D5-44C8F0AC8060}.Debug|Any CPU.Build.0 = Debug|Any CPU
		{5A12B7C9-B7DA-4A96-A8D5-44C8F0AC8060}.Release|Any CPU.ActiveCfg = Release|Any CPU
		{5A12B7C9-B7DA-4A96-A8D5-44C8F0AC8060}.Release|Any CPU.Build.0 = Release|Any CPU
		{0EA6F8DC-6B91-4B52-B83C-19C2842DC7E1}.Debug|Any CPU.ActiveCfg = Debug|Any CPU
		{0EA6F8DC-6B91-4B52-B83C-19C2842DC7E1}.Debug|Any CPU.Build.0 = Debug|Any CPU
		{0EA6F8DC-6B91-4B52-B83C-19C2842DC7E1}.Release|Any CPU.ActiveCfg = Release|Any CPU
		{0EA6F8DC-6B91-4B52-B83C-19C2842DC7E1}.Release|Any CPU.Build.0 = Release|Any CPU
	EndGlobalSection
	GlobalSection(SolutionProperties) = preSolution
		HideSolutionNode = FALSE
	EndGlobalSection
	GlobalSection(ExtensibilityGlobals) = postSolution
		SolutionGuid = {871F99D2-FFE2-4D52-AAA8-3BCA8E24871B}
	EndGlobalSection
EndGlobal
